
Microsoft Visual Studio Solution File, Format Version 12.00
# Visual Studio Version 17
VisualStudioVersion = 17.0.31919.166
MinimumVisualStudioVersion = 10.0.40219.1
Project("{9A19103F-16F7-4668-BE54-9A1E7A4F7556}") = "Todo.WebApi", "Todo.WebApi\Todo.WebApi.csproj", "{33DA581B-343D-4A09-8DA9-629C830EABC9}"
EndProject
Project("{9A19103F-16F7-4668-BE54-9A1E7A4F7556}") = "Todo.ConsoleDev", "Todo.ConsoleDev\Todo.ConsoleDev.csproj", "{BD2904AA-F7F7-4CE7-B228-B800A537409B}"
EndProject
Project("{9A19103F-16F7-4668-BE54-9A1E7A4F7556}") = "Todo.Domain", "Todo.Domain\Todo.Domain.csproj", "{C992FBCA-9234-4BA7-B121-E9A13777C1C4}"
EndProject
Project("{9A19103F-16F7-4668-BE54-9A1E7A4F7556}") = "Todo.Shared", "Todo.Shared\Todo.Shared.csproj", "{1366AC01-261D-47BC-B9C2-D7EF2AE7F3DA}"
EndProject
Project("{9A19103F-16F7-4668-BE54-9A1E7A4F7556}") = "Todo.PostgreSQL", "Todo.PostgreSQL\Todo.PostgreSQL.csproj", "{BAE9EBDA-6C87-4C2C-8B1A-96B771FE6044}"
EndProject
Project("{9A19103F-16F7-4668-BE54-9A1E7A4F7556}") = "Todo.Contract", "Todo.Contract\Todo.Contract.csproj", "{CFFB7146-867A-486A-A4D6-2C9F6E39794D}"
EndProject
Project("{9A19103F-16F7-4668-BE54-9A1E7A4F7556}") = "Todo.Service", "Todo.Service\Todo.Service.csproj", "{834A9A34-B7B5-450B-939B-0B63888E2974}"
EndProject
Project("{9A19103F-16F7-4668-BE54-9A1E7A4F7556}") = "Todo.Localziration", "Todo.Localziration\Todo.Localziration.csproj", "{DA21C7E8-4850-4AFA-9CA6-D282400FAFEA}"
EndProject
Project("{9A19103F-16F7-4668-BE54-9A1E7A4F7556}") = "Todo.TenantBlazor", "Todo.TenantBlazor\Todo.TenantBlazor.csproj", "{95FD4AFA-C1A0-4637-B500-EA04BCD24F2F}"
EndProject
Project("{FAE04EC0-301F-11D3-BF4B-00C04F79EFBC}") = "Todo.AdminBlazor", "Todo.AdminBalzor\Todo.AdminBlazor.csproj", "{046F2014-B5A2-4155-98E6-993CD9E0AB85}"
EndProject
Global
	GlobalSection(SolutionConfigurationPlatforms) = preSolution
		Debug|Any CPU = Debug|Any CPU
		Release|Any CPU = Release|Any CPU
	EndGlobalSection
	GlobalSection(ProjectConfigurationPlatforms) = postSolution
		{33DA581B-343D-4A09-8DA9-629C830EABC9}.Debug|Any CPU.ActiveCfg = Debug|Any CPU
		{33DA581B-343D-4A09-8DA9-629C830EABC9}.Debug|Any CPU.Build.0 = Debug|Any CPU
		{33DA581B-343D-4A09-8DA9-629C830EABC9}.Release|Any CPU.ActiveCfg = Release|Any CPU
		{33DA581B-343D-4A09-8DA9-629C830EABC9}.Release|Any CPU.Build.0 = Release|Any CPU
		{BD2904AA-F7F7-4CE7-B228-B800A537409B}.Debug|Any CPU.ActiveCfg = Debug|Any CPU
		{BD2904AA-F7F7-4CE7-B228-B800A537409B}.Debug|Any CPU.Build.0 = Debug|Any CPU
		{BD2904AA-F7F7-4CE7-B228-B800A537409B}.Release|Any CPU.ActiveCfg = Release|Any CPU
		{BD2904AA-F7F7-4CE7-B228-B800A537409B}.Release|Any CPU.Build.0 = Release|Any CPU
		{C992FBCA-9234-4BA7-B121-E9A13777C1C4}.Debug|Any CPU.ActiveCfg = Debug|Any CPU
		{C992FBCA-9234-4BA7-B121-E9A13777C1C4}.Debug|Any CPU.Build.0 = Debug|Any CPU
		{C992FBCA-9234-4BA7-B121-E9A13777C1C4}.Release|Any CPU.ActiveCfg = Release|Any CPU
		{C992FBCA-9234-4BA7-B121-E9A13777C1C4}.Release|Any CPU.Build.0 = Release|Any CPU
		{1366AC01-261D-47BC-B9C2-D7EF2AE7F3DA}.Debug|Any CPU.ActiveCfg = Debug|Any CPU
		{1366AC01-261D-47BC-B9C2-D7EF2AE7F3DA}.Debug|Any CPU.Build.0 = Debug|Any CPU
		{1366AC01-261D-47BC-B9C2-D7EF2AE7F3DA}.Release|Any CPU.ActiveCfg = Release|Any CPU
		{1366AC01-261D-47BC-B9C2-D7EF2AE7F3DA}.Release|Any CPU.Build.0 = Release|Any CPU
		{BAE9EBDA-6C87-4C2C-8B1A-96B771FE6044}.Debug|Any CPU.ActiveCfg = Debug|Any CPU
		{BAE9EBDA-6C87-4C2C-8B1A-96B771FE6044}.Debug|Any CPU.Build.0 = Debug|Any CPU
		{BAE9EBDA-6C87-4C2C-8B1A-96B771FE6044}.Release|Any CPU.ActiveCfg = Release|Any CPU
		{BAE9EBDA-6C87-4C2C-8B1A-96B771FE6044}.Release|Any CPU.Build.0 = Release|Any CPU
		{CFFB7146-867A-486A-A4D6-2C9F6E39794D}.Debug|Any CPU.ActiveCfg = Debug|Any CPU
		{CFFB7146-867A-486A-A4D6-2C9F6E39794D}.Debug|Any CPU.Build.0 = Debug|Any CPU
		{CFFB7146-867A-486A-A4D6-2C9F6E39794D}.Release|Any CPU.ActiveCfg = Release|Any CPU
		{CFFB7146-867A-486A-A4D6-2C9F6E39794D}.Release|Any CPU.Build.0 = Release|Any CPU
		{834A9A34-B7B5-450B-939B-0B63888E2974}.Debug|Any CPU.ActiveCfg = Debug|Any CPU
		{834A9A34-B7B5-450B-939B-0B63888E2974}.Debug|Any CPU.Build.0 = Debug|Any CPU
		{834A9A34-B7B5-450B-939B-0B63888E2974}.Release|Any CPU.ActiveCfg = Release|Any CPU
		{834A9A34-B7B5-450B-939B-0B63888E2974}.Release|Any CPU.Build.0 = Release|Any CPU
		{DA21C7E8-4850-4AFA-9CA6-D282400FAFEA}.Debug|Any CPU.ActiveCfg = Debug|Any CPU
		{DA21C7E8-4850-4AFA-9CA6-D282400FAFEA}.Debug|Any CPU.Build.0 = Debug|Any CPU
		{DA21C7E8-4850-4AFA-9CA6-D282400FAFEA}.Release|Any CPU.ActiveCfg = Release|Any CPU
		{DA21C7E8-4850-4AFA-9CA6-D282400FAFEA}.Release|Any CPU.Build.0 = Release|Any CPU
		{95FD4AFA-C1A0-4637-B500-EA04BCD24F2F}.Debug|Any CPU.ActiveCfg = Debug|Any CPU
		{95FD4AFA-C1A0-4637-B500-EA04BCD24F2F}.Debug|Any CPU.Build.0 = Debug|Any CPU
		{95FD4AFA-C1A0-4637-B500-EA04BCD24F2F}.Release|Any CPU.ActiveCfg = Release|Any CPU
		{95FD4AFA-C1A0-4637-B500-EA04BCD24F2F}.Release|Any CPU.Build.0 = Release|Any CPU
		{046F2014-B5A2-4155-98E6-993CD9E0AB85}.Debug|Any CPU.ActiveCfg = Debug|Any CPU
		{046F2014-B5A2-4155-98E6-993CD9E0AB85}.Debug|Any CPU.Build.0 = Debug|Any CPU
		{046F2014-B5A2-4155-98E6-993CD9E0AB85}.Release|Any CPU.ActiveCfg = Release|Any CPU
		{046F2014-B5A2-4155-98E6-993CD9E0AB85}.Release|Any CPU.Build.0 = Release|Any CPU
	EndGlobalSection
	GlobalSection(SolutionProperties) = preSolution
		HideSolutionNode = FALSE
	EndGlobalSection
	GlobalSection(ExtensibilityGlobals) = postSolution
		SolutionGuid = {1C43BD0D-9ADB-4A8E-A1DB-AED08823267C}
	EndGlobalSection
EndGlobal
